
Microsoft Visual Studio Solution File, Format Version 12.00
# Visual Studio Version 17
VisualStudioVersion = 17.13.35825.156 d17.13
MinimumVisualStudioVersion = 10.0.40219.1
Project("{FAE04EC0-301F-11D3-BF4B-00C04F79EFBC}") = "Local Multi-Store Online Marketplace", "Local Multi-Store Online Marketplace\Local Multi-Store Online Marketplace.csproj", "{DF8E2F3C-0C7E-4F2D-AC76-77580C6B811B}"
EndProject
Global
	GlobalSection(SolutionConfigurationPlatforms) = preSolution
		Debug|Any CPU = Debug|Any CPU
		Release|Any CPU = Release|Any CPU
	EndGlobalSection
	GlobalSection(ProjectConfigurationPlatforms) = postSolution
		{DF8E2F3C-0C7E-4F2D-AC76-77580C6B811B}.Debug|Any CPU.ActiveCfg = Debug|Any CPU
		{DF8E2F3C-0C7E-4F2D-AC76-77580C6B811B}.Debug|Any CPU.Build.0 = Debug|Any CPU
		{DF8E2F3C-0C7E-4F2D-AC76-77580C6B811B}.Release|Any CPU.ActiveCfg = Release|Any CPU
		{DF8E2F3C-0C7E-4F2D-AC76-77580C6B811B}.Release|Any CPU.Build.0 = Release|Any CPU
	EndGlobalSection
	GlobalSection(SolutionProperties) = preSolution
		HideSolutionNode = FALSE
	EndGlobalSection
	GlobalSection(ExtensibilityGlobals) = postSolution
		SolutionGuid = {059EE028-8CAA-40EA-AE0F-C08CE6C5E109}
	EndGlobalSection
EndGlobal
