
Microsoft Visual Studio Solution File, Format Version 12.00
# Visual Studio Version 17
VisualStudioVersion = 17.13.35828.75
MinimumVisualStudioVersion = 10.0.40219.1
Project("{FAE04EC0-301F-11D3-BF4B-00C04F79EFBC}") = "Local Multi-Store Online Marketplace", "Local Multi-Store Online Marketplace\Local Multi-Store Online Marketplace.csproj", "{DF8E2F3C-0C7E-4F2D-AC76-77580C6B811B}"
EndProject
Project("{FAE04EC0-301F-11D3-BF4B-00C04F79EFBC}") = "Multi_Store.Core", "Multi_Store.Core\Multi_Store.Core.csproj", "{A81CAEC3-D6B3-461D-9C2A-54953477CCA2}"
EndProject
Project("{FAE04EC0-301F-11D3-BF4B-00C04F79EFBC}") = "Multi_Store.Infrastructure", "Multi-Store.Infrastructure\Multi_Store.Infrastructure.csproj", "{8F8CA820-3764-42B4-94A9-76E4D747FE54}"
EndProject
Project("{FAE04EC0-301F-11D3-BF4B-00C04F79EFBC}") = "Multi-Store.Services", "Multi-Store.Services\Multi-Store.Services.csproj", "{FD583CA7-132C-489F-B1D3-88D672750064}"
EndProject
Global
	GlobalSection(SolutionConfigurationPlatforms) = preSolution
		Debug|Any CPU = Debug|Any CPU
		Release|Any CPU = Release|Any CPU
	EndGlobalSection
	GlobalSection(ProjectConfigurationPlatforms) = postSolution
		{DF8E2F3C-0C7E-4F2D-AC76-77580C6B811B}.Debug|Any CPU.ActiveCfg = Debug|Any CPU
		{DF8E2F3C-0C7E-4F2D-AC76-77580C6B811B}.Debug|Any CPU.Build.0 = Debug|Any CPU
		{DF8E2F3C-0C7E-4F2D-AC76-77580C6B811B}.Release|Any CPU.ActiveCfg = Release|Any CPU
		{DF8E2F3C-0C7E-4F2D-AC76-77580C6B811B}.Release|Any CPU.Build.0 = Release|Any CPU
		{A81CAEC3-D6B3-461D-9C2A-54953477CCA2}.Debug|Any CPU.ActiveCfg = Debug|Any CPU
		{A81CAEC3-D6B3-461D-9C2A-54953477CCA2}.Debug|Any CPU.Build.0 = Debug|Any CPU
		{A81CAEC3-D6B3-461D-9C2A-54953477CCA2}.Release|Any CPU.ActiveCfg = Release|Any CPU
		{A81CAEC3-D6B3-461D-9C2A-54953477CCA2}.Release|Any CPU.Build.0 = Release|Any CPU
		{8F8CA820-3764-42B4-94A9-76E4D747FE54}.Debug|Any CPU.ActiveCfg = Debug|Any CPU
		{8F8CA820-3764-42B4-94A9-76E4D747FE54}.Debug|Any CPU.Build.0 = Debug|Any CPU
		{8F8CA820-3764-42B4-94A9-76E4D747FE54}.Release|Any CPU.ActiveCfg = Release|Any CPU
		{8F8CA820-3764-42B4-94A9-76E4D747FE54}.Release|Any CPU.Build.0 = Release|Any CPU
		{FD583CA7-132C-489F-B1D3-88D672750064}.Debug|Any CPU.ActiveCfg = Debug|Any CPU
		{FD583CA7-132C-489F-B1D3-88D672750064}.Debug|Any CPU.Build.0 = Debug|Any CPU
		{FD583CA7-132C-489F-B1D3-88D672750064}.Release|Any CPU.ActiveCfg = Release|Any CPU
		{FD583CA7-132C-489F-B1D3-88D672750064}.Release|Any CPU.Build.0 = Release|Any CPU
	EndGlobalSection
	GlobalSection(SolutionProperties) = preSolution
		HideSolutionNode = FALSE
	EndGlobalSection
	GlobalSection(ExtensibilityGlobals) = postSolution
		SolutionGuid = {059EE028-8CAA-40EA-AE0F-C08CE6C5E109}
	EndGlobalSection
EndGlobal
